
Microsoft Visual Studio Solution File, Format Version 12.00
# Visual Studio Version 17
VisualStudioVersion = 17.5.33103.201
MinimumVisualStudioVersion = 10.0.40219.1
Project("{9A19103F-16F7-4668-BE54-9A1E7A4F7556}") = "IronType", "IronType\IronType.csproj", "{0EC8B831-2D7B-4322-A57A-7E6E5CE6D873}"
EndProject
Project("{9A19103F-16F7-4668-BE54-9A1E7A4F7556}") = "IronType.Examples.WebApp", "IronType.Examples.WebApp\IronType.Examples.WebApp.csproj", "{CB75265E-94EA-4C77-B111-0FAE3BC76DEA}"
EndProject
Project("{9A19103F-16F7-4668-BE54-9A1E7A4F7556}") = "IronType.Examples.BlazorWasm.Server", "IronType.Examples.BlazorWasm\Server\IronType.Examples.BlazorWasm.Server.csproj", "{CD52ADA2-91C2-4FF0-AF60-8E47F0CD0881}"
EndProject
Project("{9A19103F-16F7-4668-BE54-9A1E7A4F7556}") = "IronType.Examples.BlazorWasm.Client", "IronType.Examples.BlazorWasm\Client\IronType.Examples.BlazorWasm.Client.csproj", "{A9B7CA60-129D-41D3-B612-835BA58FE677}"
EndProject
Project("{9A19103F-16F7-4668-BE54-9A1E7A4F7556}") = "IronType.Examples.BlazorWasm.Shared", "IronType.Examples.BlazorWasm\Shared\IronType.Examples.BlazorWasm.Shared.csproj", "{F76DBA84-9186-4C4C-A4C2-E888EB46E87F}"
EndProject
Project("{9A19103F-16F7-4668-BE54-9A1E7A4F7556}") = "IronType.EntityFramework.Relational", "IronType.EntityFramework.Relational\IronType.EntityFramework.Relational.csproj", "{A929E186-F4B7-4F0F-9ED4-3A2CC44824EA}"
EndProject
Global
	GlobalSection(SolutionConfigurationPlatforms) = preSolution
		Debug|Any CPU = Debug|Any CPU
		Release|Any CPU = Release|Any CPU
	EndGlobalSection
	GlobalSection(ProjectConfigurationPlatforms) = postSolution
		{0EC8B831-2D7B-4322-A57A-7E6E5CE6D873}.Debug|Any CPU.ActiveCfg = Debug|Any CPU
		{0EC8B831-2D7B-4322-A57A-7E6E5CE6D873}.Debug|Any CPU.Build.0 = Debug|Any CPU
		{0EC8B831-2D7B-4322-A57A-7E6E5CE6D873}.Release|Any CPU.ActiveCfg = Release|Any CPU
		{0EC8B831-2D7B-4322-A57A-7E6E5CE6D873}.Release|Any CPU.Build.0 = Release|Any CPU
		{CB75265E-94EA-4C77-B111-0FAE3BC76DEA}.Debug|Any CPU.ActiveCfg = Debug|Any CPU
		{CB75265E-94EA-4C77-B111-0FAE3BC76DEA}.Debug|Any CPU.Build.0 = Debug|Any CPU
		{CB75265E-94EA-4C77-B111-0FAE3BC76DEA}.Release|Any CPU.ActiveCfg = Release|Any CPU
		{CB75265E-94EA-4C77-B111-0FAE3BC76DEA}.Release|Any CPU.Build.0 = Release|Any CPU
		{CD52ADA2-91C2-4FF0-AF60-8E47F0CD0881}.Debug|Any CPU.ActiveCfg = Debug|Any CPU
		{CD52ADA2-91C2-4FF0-AF60-8E47F0CD0881}.Debug|Any CPU.Build.0 = Debug|Any CPU
		{CD52ADA2-91C2-4FF0-AF60-8E47F0CD0881}.Release|Any CPU.ActiveCfg = Release|Any CPU
		{CD52ADA2-91C2-4FF0-AF60-8E47F0CD0881}.Release|Any CPU.Build.0 = Release|Any CPU
		{A9B7CA60-129D-41D3-B612-835BA58FE677}.Debug|Any CPU.ActiveCfg = Debug|Any CPU
		{A9B7CA60-129D-41D3-B612-835BA58FE677}.Debug|Any CPU.Build.0 = Debug|Any CPU
		{A9B7CA60-129D-41D3-B612-835BA58FE677}.Release|Any CPU.ActiveCfg = Release|Any CPU
		{A9B7CA60-129D-41D3-B612-835BA58FE677}.Release|Any CPU.Build.0 = Release|Any CPU
		{F76DBA84-9186-4C4C-A4C2-E888EB46E87F}.Debug|Any CPU.ActiveCfg = Debug|Any CPU
		{F76DBA84-9186-4C4C-A4C2-E888EB46E87F}.Debug|Any CPU.Build.0 = Debug|Any CPU
		{F76DBA84-9186-4C4C-A4C2-E888EB46E87F}.Release|Any CPU.ActiveCfg = Release|Any CPU
		{F76DBA84-9186-4C4C-A4C2-E888EB46E87F}.Release|Any CPU.Build.0 = Release|Any CPU
		{A929E186-F4B7-4F0F-9ED4-3A2CC44824EA}.Debug|Any CPU.ActiveCfg = Debug|Any CPU
		{A929E186-F4B7-4F0F-9ED4-3A2CC44824EA}.Debug|Any CPU.Build.0 = Debug|Any CPU
		{A929E186-F4B7-4F0F-9ED4-3A2CC44824EA}.Release|Any CPU.ActiveCfg = Release|Any CPU
		{A929E186-F4B7-4F0F-9ED4-3A2CC44824EA}.Release|Any CPU.Build.0 = Release|Any CPU
	EndGlobalSection
	GlobalSection(SolutionProperties) = preSolution
		HideSolutionNode = FALSE
	EndGlobalSection
	GlobalSection(ExtensibilityGlobals) = postSolution
		SolutionGuid = {0AC6815C-0465-419F-A35B-4ED756254B08}
	EndGlobalSection
EndGlobal
